// !$*UTF8*$!
{
	archiveVersion = 1;
	classes = {
	};
	objectVersion = 54;
	objects = {

/* Begin PBXBuildFile section */
		054F55F5F7C14982B53099E1 /* JetBrainsMono-Medium.ttf in Resources */ = {isa = PBXBuildFile; fileRef = D2E34915A36C4163869EDB17 /* JetBrainsMono-Medium.ttf */; };
		060FF885889F4FB593623938 /* Geist-ExtraLight.ttf in Resources */ = {isa = PBXBuildFile; fileRef = 0C27007A824E4AE98A9C16EB /* Geist-ExtraLight.ttf */; };
		0A1679699AAE4534A2016295 /* Geist-Black.ttf in Resources */ = {isa = PBXBuildFile; fileRef = D0BCE49FEEAF4AABB3BEADB8 /* Geist-Black.ttf */; };
		13B07FBF1A68108700A75B9A /* Images.xcassets in Resources */ = {isa = PBXBuildFile; fileRef = 13B07FB51A68108700A75B9A /* Images.xcassets */; };
		1D900D4868A04036A6BE4A2E /* JetBrainsMono-Regular.ttf in Resources */ = {isa = PBXBuildFile; fileRef = 705728668F66419689F73782 /* JetBrainsMono-Regular.ttf */; };
		29D308C6F46E493FAF854312 /* Geist-ExtraBold.ttf in Resources */ = {isa = PBXBuildFile; fileRef = 896D0E30C150498390EC82E8 /* Geist-ExtraBold.ttf */; };
		2A8EC831E7A38AD765797745 /* libPods-onzait.a in Frameworks */ = {isa = PBXBuildFile; fileRef = 90DCE99C1BFFDD0BD541B98A /* libPods-onzait.a */; };
		356D32C43B1845BD9AB53899 /* JetBrainsMono-LightItalic.ttf in Resources */ = {isa = PBXBuildFile; fileRef = F3496D2224834BE289EC323B /* JetBrainsMono-LightItalic.ttf */; };
		3BF79CF93E0D4E7FBCFA19E6 /* JetBrainsMono-Bold.ttf in Resources */ = {isa = PBXBuildFile; fileRef = 9F925D81FA1A422280C6D943 /* JetBrainsMono-Bold.ttf */; };
		3E461D99554A48A4959DE609 /* SplashScreen.storyboard in Resources */ = {isa = PBXBuildFile; fileRef = AA286B85B6C04FC6940260E9 /* SplashScreen.storyboard */; };
		41DBA32C23F8BD9224DFD442 /* PrivacyInfo.xcprivacy in Resources */ = {isa = PBXBuildFile; fileRef = CD2F078386D746B23AB29B53 /* PrivacyInfo.xcprivacy */; };
		4F6CABA5A96B4FA9BA17F1AB /* JetBrainsMono-ExtraBold.ttf in Resources */ = {isa = PBXBuildFile; fileRef = BB175497E15848A280202F47 /* JetBrainsMono-ExtraBold.ttf */; };
		5EE6DC10AF0242489DFCF559 /* JetBrainsMono-ExtraBoldItalic.ttf in Resources */ = {isa = PBXBuildFile; fileRef = 24B3DC0EB0BC49DBBC15EE4B /* JetBrainsMono-ExtraBoldItalic.ttf */; };
		68BB85ACE08544E6AFA62CCE /* JetBrainsMono-ExtraLight.ttf in Resources */ = {isa = PBXBuildFile; fileRef = 9025475BAF5A4076AA36242E /* JetBrainsMono-ExtraLight.ttf */; };
		7B408EA71B8D47F88584627B /* JetBrainsMono-SemiBoldItalic.ttf in Resources */ = {isa = PBXBuildFile; fileRef = 645C604E5F70464AA8748A3B /* JetBrainsMono-SemiBoldItalic.ttf */; };
		83694975DBEB40F3883073DF /* JetBrainsMono-ThinItalic.ttf in Resources */ = {isa = PBXBuildFile; fileRef = 80E89B895892477389AEB268 /* JetBrainsMono-ThinItalic.ttf */; };
		87F06E7ACF1F4966BF72BEEB /* Geist-Light.ttf in Resources */ = {isa = PBXBuildFile; fileRef = 258E10E5981F44E4A80673BC /* Geist-Light.ttf */; };
		9B71E81C4EDC4D1DB13BDB69 /* JetBrainsMono-MediumItalic.ttf in Resources */ = {isa = PBXBuildFile; fileRef = BF5D258363A24DAABFC75EE5 /* JetBrainsMono-MediumItalic.ttf */; };
		BB2F792D24A3F905000567C9 /* Expo.plist in Resources */ = {isa = PBXBuildFile; fileRef = BB2F792C24A3F905000567C9 /* Expo.plist */; };
		BED415A4EF9B442F81891EF0 /* JetBrainsMono-ExtraLightItalic.ttf in Resources */ = {isa = PBXBuildFile; fileRef = 391D4A212147488AAE273EE8 /* JetBrainsMono-ExtraLightItalic.ttf */; };
		C0B58988A3A04B73A8FDEA5F /* JetBrainsMono-BoldItalic.ttf in Resources */ = {isa = PBXBuildFile; fileRef = A5088104DE7C49AEB436AD68 /* JetBrainsMono-BoldItalic.ttf */; };
		C8FCB280EF7240C1BFC0CD35 /* JetBrainsMono-SemiBold.ttf in Resources */ = {isa = PBXBuildFile; fileRef = AB73F362C01C474A86F0E45F /* JetBrainsMono-SemiBold.ttf */; };
		D0CFCA57B6C943AE8FFC7201 /* JetBrainsMono-Italic.ttf in Resources */ = {isa = PBXBuildFile; fileRef = A0B02BEA054B4F619E64E4CC /* JetBrainsMono-Italic.ttf */; };
		D6F6F6FEA61C47608E0A79BA /* Geist-Regular.ttf in Resources */ = {isa = PBXBuildFile; fileRef = 3694DF4EAD0D4EF2B8DDDC86 /* Geist-Regular.ttf */; };
		DA248618AAF34BDD91B49001 /* Geist-SemiBold.ttf in Resources */ = {isa = PBXBuildFile; fileRef = 7AAF77AB08204E4496ED6C14 /* Geist-SemiBold.ttf */; };
		DB577FD4705E444E8ACB9761 /* JetBrainsMono-Light.ttf in Resources */ = {isa = PBXBuildFile; fileRef = 1FCCD24DF67846C19FCEF35C /* JetBrainsMono-Light.ttf */; };
		EAD2DB9652CC4F3C8D1E8364 /* Geist-Bold.ttf in Resources */ = {isa = PBXBuildFile; fileRef = 65898D9ED21C4F36BA14B42B /* Geist-Bold.ttf */; };
		EBDB14C209C94440B6AA09DD /* JetBrainsMono-Thin.ttf in Resources */ = {isa = PBXBuildFile; fileRef = C79CFADCB55048A58E57A27A /* JetBrainsMono-Thin.ttf */; };
		ECE8B01E4D4CA745C6B9A8AC /* ExpoModulesProvider.swift in Sources */ = {isa = PBXBuildFile; fileRef = 641879D80EBBF29FF10547E2 /* ExpoModulesProvider.swift */; };
		F11748422D0307B40044C1D9 /* AppDelegate.swift in Sources */ = {isa = PBXBuildFile; fileRef = F11748412D0307B40044C1D9 /* AppDelegate.swift */; };
		FA1D7566893B4335ADF59688 /* Geist-Thin.ttf in Resources */ = {isa = PBXBuildFile; fileRef = 0E3A313027314D6B9908C13F /* Geist-Thin.ttf */; };
		FECAD75C350C417C85426C99 /* Geist-Medium.ttf in Resources */ = {isa = PBXBuildFile; fileRef = B2735E5638634ED7ACAFD40D /* Geist-Medium.ttf */; };
/* End PBXBuildFile section */

/* Begin PBXFileReference section */
		0C27007A824E4AE98A9C16EB /* Geist-ExtraLight.ttf */ = {isa = PBXFileReference; explicitFileType = undefined; fileEncoding = undefined; includeInIndex = 0; lastKnownFileType = unknown; name = "Geist-ExtraLight.ttf"; path = "../assets/fonts/Geist-ExtraLight.ttf"; sourceTree = "<group>"; };
		0E3A313027314D6B9908C13F /* Geist-Thin.ttf */ = {isa = PBXFileReference; explicitFileType = undefined; fileEncoding = undefined; includeInIndex = 0; lastKnownFileType = unknown; name = "Geist-Thin.ttf"; path = "../assets/fonts/Geist-Thin.ttf"; sourceTree = "<group>"; };
		13B07F961A680F5B00A75B9A /* onzait.app */ = {isa = PBXFileReference; explicitFileType = wrapper.application; includeInIndex = 0; path = onzait.app; sourceTree = BUILT_PRODUCTS_DIR; };
		13B07FB51A68108700A75B9A /* Images.xcassets */ = {isa = PBXFileReference; lastKnownFileType = folder.assetcatalog; name = Images.xcassets; path = onzait/Images.xcassets; sourceTree = "<group>"; };
		13B07FB61A68108700A75B9A /* Info.plist */ = {isa = PBXFileReference; fileEncoding = 4; lastKnownFileType = text.plist.xml; name = Info.plist; path = onzait/Info.plist; sourceTree = "<group>"; };
		1FCCD24DF67846C19FCEF35C /* JetBrainsMono-Light.ttf */ = {isa = PBXFileReference; explicitFileType = undefined; fileEncoding = undefined; includeInIndex = 0; lastKnownFileType = unknown; name = "JetBrainsMono-Light.ttf"; path = "../assets/fonts/JetBrainsMono-Light.ttf"; sourceTree = "<group>"; };
		24B3DC0EB0BC49DBBC15EE4B /* JetBrainsMono-ExtraBoldItalic.ttf */ = {isa = PBXFileReference; explicitFileType = undefined; fileEncoding = undefined; includeInIndex = 0; lastKnownFileType = unknown; name = "JetBrainsMono-ExtraBoldItalic.ttf"; path = "../assets/fonts/JetBrainsMono-ExtraBoldItalic.ttf"; sourceTree = "<group>"; };
		258E10E5981F44E4A80673BC /* Geist-Light.ttf */ = {isa = PBXFileReference; explicitFileType = undefined; fileEncoding = undefined; includeInIndex = 0; lastKnownFileType = unknown; name = "Geist-Light.ttf"; path = "../assets/fonts/Geist-Light.ttf"; sourceTree = "<group>"; };
		359948086984ABD3D35D5DAA /* Pods-onzait.release.xcconfig */ = {isa = PBXFileReference; includeInIndex = 1; lastKnownFileType = text.xcconfig; name = "Pods-onzait.release.xcconfig"; path = "Target Support Files/Pods-onzait/Pods-onzait.release.xcconfig"; sourceTree = "<group>"; };
		3694DF4EAD0D4EF2B8DDDC86 /* Geist-Regular.ttf */ = {isa = PBXFileReference; explicitFileType = undefined; fileEncoding = undefined; includeInIndex = 0; lastKnownFileType = unknown; name = "Geist-Regular.ttf"; path = "../assets/fonts/Geist-Regular.ttf"; sourceTree = "<group>"; };
		391D4A212147488AAE273EE8 /* JetBrainsMono-ExtraLightItalic.ttf */ = {isa = PBXFileReference; explicitFileType = undefined; fileEncoding = undefined; includeInIndex = 0; lastKnownFileType = unknown; name = "JetBrainsMono-ExtraLightItalic.ttf"; path = "../assets/fonts/JetBrainsMono-ExtraLightItalic.ttf"; sourceTree = "<group>"; };
		641879D80EBBF29FF10547E2 /* ExpoModulesProvider.swift */ = {isa = PBXFileReference; includeInIndex = 1; lastKnownFileType = sourcecode.swift; name = ExpoModulesProvider.swift; path = "Pods/Target Support Files/Pods-onzait/ExpoModulesProvider.swift"; sourceTree = "<group>"; };
		645C604E5F70464AA8748A3B /* JetBrainsMono-SemiBoldItalic.ttf */ = {isa = PBXFileReference; explicitFileType = undefined; fileEncoding = undefined; includeInIndex = 0; lastKnownFileType = unknown; name = "JetBrainsMono-SemiBoldItalic.ttf"; path = "../assets/fonts/JetBrainsMono-SemiBoldItalic.ttf"; sourceTree = "<group>"; };
		65898D9ED21C4F36BA14B42B /* Geist-Bold.ttf */ = {isa = PBXFileReference; explicitFileType = undefined; fileEncoding = undefined; includeInIndex = 0; lastKnownFileType = unknown; name = "Geist-Bold.ttf"; path = "../assets/fonts/Geist-Bold.ttf"; sourceTree = "<group>"; };
		705728668F66419689F73782 /* JetBrainsMono-Regular.ttf */ = {isa = PBXFileReference; explicitFileType = undefined; fileEncoding = undefined; includeInIndex = 0; lastKnownFileType = unknown; name = "JetBrainsMono-Regular.ttf"; path = "../assets/fonts/JetBrainsMono-Regular.ttf"; sourceTree = "<group>"; };
		7AAF77AB08204E4496ED6C14 /* Geist-SemiBold.ttf */ = {isa = PBXFileReference; explicitFileType = undefined; fileEncoding = undefined; includeInIndex = 0; lastKnownFileType = unknown; name = "Geist-SemiBold.ttf"; path = "../assets/fonts/Geist-SemiBold.ttf"; sourceTree = "<group>"; };
		80E89B895892477389AEB268 /* JetBrainsMono-ThinItalic.ttf */ = {isa = PBXFileReference; explicitFileType = undefined; fileEncoding = undefined; includeInIndex = 0; lastKnownFileType = unknown; name = "JetBrainsMono-ThinItalic.ttf"; path = "../assets/fonts/JetBrainsMono-ThinItalic.ttf"; sourceTree = "<group>"; };
		896D0E30C150498390EC82E8 /* Geist-ExtraBold.ttf */ = {isa = PBXFileReference; explicitFileType = undefined; fileEncoding = undefined; includeInIndex = 0; lastKnownFileType = unknown; name = "Geist-ExtraBold.ttf"; path = "../assets/fonts/Geist-ExtraBold.ttf"; sourceTree = "<group>"; };
		9025475BAF5A4076AA36242E /* JetBrainsMono-ExtraLight.ttf */ = {isa = PBXFileReference; explicitFileType = undefined; fileEncoding = undefined; includeInIndex = 0; lastKnownFileType = unknown; name = "JetBrainsMono-ExtraLight.ttf"; path = "../assets/fonts/JetBrainsMono-ExtraLight.ttf"; sourceTree = "<group>"; };
		90DCE99C1BFFDD0BD541B98A /* libPods-onzait.a */ = {isa = PBXFileReference; explicitFileType = archive.ar; includeInIndex = 0; path = "libPods-onzait.a"; sourceTree = BUILT_PRODUCTS_DIR; };
		9F925D81FA1A422280C6D943 /* JetBrainsMono-Bold.ttf */ = {isa = PBXFileReference; explicitFileType = undefined; fileEncoding = undefined; includeInIndex = 0; lastKnownFileType = unknown; name = "JetBrainsMono-Bold.ttf"; path = "../assets/fonts/JetBrainsMono-Bold.ttf"; sourceTree = "<group>"; };
		A0B02BEA054B4F619E64E4CC /* JetBrainsMono-Italic.ttf */ = {isa = PBXFileReference; explicitFileType = undefined; fileEncoding = undefined; includeInIndex = 0; lastKnownFileType = unknown; name = "JetBrainsMono-Italic.ttf"; path = "../assets/fonts/JetBrainsMono-Italic.ttf"; sourceTree = "<group>"; };
		A5088104DE7C49AEB436AD68 /* JetBrainsMono-BoldItalic.ttf */ = {isa = PBXFileReference; explicitFileType = undefined; fileEncoding = undefined; includeInIndex = 0; lastKnownFileType = unknown; name = "JetBrainsMono-BoldItalic.ttf"; path = "../assets/fonts/JetBrainsMono-BoldItalic.ttf"; sourceTree = "<group>"; };
		AA286B85B6C04FC6940260E9 /* SplashScreen.storyboard */ = {isa = PBXFileReference; fileEncoding = 4; lastKnownFileType = file.storyboard; name = SplashScreen.storyboard; path = onzait/SplashScreen.storyboard; sourceTree = "<group>"; };
		AB73F362C01C474A86F0E45F /* JetBrainsMono-SemiBold.ttf */ = {isa = PBXFileReference; explicitFileType = undefined; fileEncoding = undefined; includeInIndex = 0; lastKnownFileType = unknown; name = "JetBrainsMono-SemiBold.ttf"; path = "../assets/fonts/JetBrainsMono-SemiBold.ttf"; sourceTree = "<group>"; };
		B2735E5638634ED7ACAFD40D /* Geist-Medium.ttf */ = {isa = PBXFileReference; explicitFileType = undefined; fileEncoding = undefined; includeInIndex = 0; lastKnownFileType = unknown; name = "Geist-Medium.ttf"; path = "../assets/fonts/Geist-Medium.ttf"; sourceTree = "<group>"; };
		BB175497E15848A280202F47 /* JetBrainsMono-ExtraBold.ttf */ = {isa = PBXFileReference; explicitFileType = undefined; fileEncoding = undefined; includeInIndex = 0; lastKnownFileType = unknown; name = "JetBrainsMono-ExtraBold.ttf"; path = "../assets/fonts/JetBrainsMono-ExtraBold.ttf"; sourceTree = "<group>"; };
		BB2F792C24A3F905000567C9 /* Expo.plist */ = {isa = PBXFileReference; fileEncoding = 4; lastKnownFileType = text.plist.xml; path = Expo.plist; sourceTree = "<group>"; };
		BF5D258363A24DAABFC75EE5 /* JetBrainsMono-MediumItalic.ttf */ = {isa = PBXFileReference; explicitFileType = undefined; fileEncoding = undefined; includeInIndex = 0; lastKnownFileType = unknown; name = "JetBrainsMono-MediumItalic.ttf"; path = "../assets/fonts/JetBrainsMono-MediumItalic.ttf"; sourceTree = "<group>"; };
		C79CFADCB55048A58E57A27A /* JetBrainsMono-Thin.ttf */ = {isa = PBXFileReference; explicitFileType = undefined; fileEncoding = undefined; includeInIndex = 0; lastKnownFileType = unknown; name = "JetBrainsMono-Thin.ttf"; path = "../assets/fonts/JetBrainsMono-Thin.ttf"; sourceTree = "<group>"; };
		CD2F078386D746B23AB29B53 /* PrivacyInfo.xcprivacy */ = {isa = PBXFileReference; includeInIndex = 1; name = PrivacyInfo.xcprivacy; path = onzait/PrivacyInfo.xcprivacy; sourceTree = "<group>"; };
		D0BCE49FEEAF4AABB3BEADB8 /* Geist-Black.ttf */ = {isa = PBXFileReference; explicitFileType = undefined; fileEncoding = undefined; includeInIndex = 0; lastKnownFileType = unknown; name = "Geist-Black.ttf"; path = "../assets/fonts/Geist-Black.ttf"; sourceTree = "<group>"; };
		D2E34915A36C4163869EDB17 /* JetBrainsMono-Medium.ttf */ = {isa = PBXFileReference; explicitFileType = undefined; fileEncoding = undefined; includeInIndex = 0; lastKnownFileType = unknown; name = "JetBrainsMono-Medium.ttf"; path = "../assets/fonts/JetBrainsMono-Medium.ttf"; sourceTree = "<group>"; };
		DA033B682859C2F8BE844F57 /* Pods-onzait.debug.xcconfig */ = {isa = PBXFileReference; includeInIndex = 1; lastKnownFileType = text.xcconfig; name = "Pods-onzait.debug.xcconfig"; path = "Target Support Files/Pods-onzait/Pods-onzait.debug.xcconfig"; sourceTree = "<group>"; };
		ED297162215061F000B7C4FE /* JavaScriptCore.framework */ = {isa = PBXFileReference; lastKnownFileType = wrapper.framework; name = JavaScriptCore.framework; path = System/Library/Frameworks/JavaScriptCore.framework; sourceTree = SDKROOT; };
		F11748412D0307B40044C1D9 /* AppDelegate.swift */ = {isa = PBXFileReference; lastKnownFileType = sourcecode.swift; name = AppDelegate.swift; path = onzait/AppDelegate.swift; sourceTree = "<group>"; };
		F11748442D0722820044C1D9 /* onzait-Bridging-Header.h */ = {isa = PBXFileReference; lastKnownFileType = sourcecode.c.h; name = "onzait-Bridging-Header.h"; path = "onzait/onzait-Bridging-Header.h"; sourceTree = "<group>"; };
		F3496D2224834BE289EC323B /* JetBrainsMono-LightItalic.ttf */ = {isa = PBXFileReference; explicitFileType = undefined; fileEncoding = undefined; includeInIndex = 0; lastKnownFileType = unknown; name = "JetBrainsMono-LightItalic.ttf"; path = "../assets/fonts/JetBrainsMono-LightItalic.ttf"; sourceTree = "<group>"; };
/* End PBXFileReference section */

/* Begin PBXFrameworksBuildPhase section */
		13B07F8C1A680F5B00A75B9A /* Frameworks */ = {
			isa = PBXFrameworksBuildPhase;
			buildActionMask = 2147483647;
			files = (
				2A8EC831E7A38AD765797745 /* libPods-onzait.a in Frameworks */,
			);
			runOnlyForDeploymentPostprocessing = 0;
		};
/* End PBXFrameworksBuildPhase section */

/* Begin PBXGroup section */
		13B07FAE1A68108700A75B9A /* onzait */ = {
			isa = PBXGroup;
			children = (
				F11748412D0307B40044C1D9 /* AppDelegate.swift */,
				F11748442D0722820044C1D9 /* onzait-Bridging-Header.h */,
				BB2F792B24A3F905000567C9 /* Supporting */,
				13B07FB51A68108700A75B9A /* Images.xcassets */,
				13B07FB61A68108700A75B9A /* Info.plist */,
				AA286B85B6C04FC6940260E9 /* SplashScreen.storyboard */,
				CD2F078386D746B23AB29B53 /* PrivacyInfo.xcprivacy */,
			);
			name = onzait;
			sourceTree = "<group>";
		};
		2D16E6871FA4F8E400B85C8A /* Frameworks */ = {
			isa = PBXGroup;
			children = (
				ED297162215061F000B7C4FE /* JavaScriptCore.framework */,
				90DCE99C1BFFDD0BD541B98A /* libPods-onzait.a */,
			);
			name = Frameworks;
			sourceTree = "<group>";
		};
		832341AE1AAA6A7D00B99B32 /* Libraries */ = {
			isa = PBXGroup;
			children = (
			);
			name = Libraries;
			sourceTree = "<group>";
		};
		83CBB9F61A601CBA00E9B192 = {
			isa = PBXGroup;
			children = (
				13B07FAE1A68108700A75B9A /* onzait */,
				832341AE1AAA6A7D00B99B32 /* Libraries */,
				83CBBA001A601CBA00E9B192 /* Products */,
				2D16E6871FA4F8E400B85C8A /* Frameworks */,
				9B52AC4245B24187835AB61E /* Resources */,
				89FF2A0E0D57B3C92AB4E0A6 /* Pods */,
				E62C530D5301ABF52FE8B35C /* ExpoModulesProviders */,
			);
			indentWidth = 2;
			sourceTree = "<group>";
			tabWidth = 2;
			usesTabs = 0;
		};
		83CBBA001A601CBA00E9B192 /* Products */ = {
			isa = PBXGroup;
			children = (
				13B07F961A680F5B00A75B9A /* onzait.app */,
			);
			name = Products;
			sourceTree = "<group>";
		};
		89FF2A0E0D57B3C92AB4E0A6 /* Pods */ = {
			isa = PBXGroup;
			children = (
				DA033B682859C2F8BE844F57 /* Pods-onzait.debug.xcconfig */,
				359948086984ABD3D35D5DAA /* Pods-onzait.release.xcconfig */,
			);
			name = Pods;
			path = Pods;
			sourceTree = "<group>";
		};
		9B52AC4245B24187835AB61E /* Resources */ = {
			isa = PBXGroup;
			children = (
				D0BCE49FEEAF4AABB3BEADB8 /* Geist-Black.ttf */,
				65898D9ED21C4F36BA14B42B /* Geist-Bold.ttf */,
				896D0E30C150498390EC82E8 /* Geist-ExtraBold.ttf */,
				0C27007A824E4AE98A9C16EB /* Geist-ExtraLight.ttf */,
				258E10E5981F44E4A80673BC /* Geist-Light.ttf */,
				B2735E5638634ED7ACAFD40D /* Geist-Medium.ttf */,
				3694DF4EAD0D4EF2B8DDDC86 /* Geist-Regular.ttf */,
				7AAF77AB08204E4496ED6C14 /* Geist-SemiBold.ttf */,
				0E3A313027314D6B9908C13F /* Geist-Thin.ttf */,
				9F925D81FA1A422280C6D943 /* JetBrainsMono-Bold.ttf */,
				A5088104DE7C49AEB436AD68 /* JetBrainsMono-BoldItalic.ttf */,
				BB175497E15848A280202F47 /* JetBrainsMono-ExtraBold.ttf */,
				24B3DC0EB0BC49DBBC15EE4B /* JetBrainsMono-ExtraBoldItalic.ttf */,
				9025475BAF5A4076AA36242E /* JetBrainsMono-ExtraLight.ttf */,
				391D4A212147488AAE273EE8 /* JetBrainsMono-ExtraLightItalic.ttf */,
				A0B02BEA054B4F619E64E4CC /* JetBrainsMono-Italic.ttf */,
				1FCCD24DF67846C19FCEF35C /* JetBrainsMono-Light.ttf */,
				F3496D2224834BE289EC323B /* JetBrainsMono-LightItalic.ttf */,
				D2E34915A36C4163869EDB17 /* JetBrainsMono-Medium.ttf */,
				BF5D258363A24DAABFC75EE5 /* JetBrainsMono-MediumItalic.ttf */,
				705728668F66419689F73782 /* JetBrainsMono-Regular.ttf */,
				AB73F362C01C474A86F0E45F /* JetBrainsMono-SemiBold.ttf */,
				645C604E5F70464AA8748A3B /* JetBrainsMono-SemiBoldItalic.ttf */,
				C79CFADCB55048A58E57A27A /* JetBrainsMono-Thin.ttf */,
				80E89B895892477389AEB268 /* JetBrainsMono-ThinItalic.ttf */,
			);
			name = Resources;
			path = "";
			sourceTree = "<group>";
		};
		B99F83658CDA8267FBFB945A /* onzait */ = {
			isa = PBXGroup;
			children = (
				641879D80EBBF29FF10547E2 /* ExpoModulesProvider.swift */,
			);
			name = onzait;
			sourceTree = "<group>";
		};
		BB2F792B24A3F905000567C9 /* Supporting */ = {
			isa = PBXGroup;
			children = (
				BB2F792C24A3F905000567C9 /* Expo.plist */,
			);
			name = Supporting;
			path = onzait/Supporting;
			sourceTree = "<group>";
		};
		E62C530D5301ABF52FE8B35C /* ExpoModulesProviders */ = {
			isa = PBXGroup;
			children = (
				B99F83658CDA8267FBFB945A /* onzait */,
			);
			name = ExpoModulesProviders;
			sourceTree = "<group>";
		};
/* End PBXGroup section */

/* Begin PBXNativeTarget section */
		13B07F861A680F5B00A75B9A /* onzait */ = {
			isa = PBXNativeTarget;
			buildConfigurationList = 13B07F931A680F5B00A75B9A /* Build configuration list for PBXNativeTarget "onzait" */;
			buildPhases = (
				08A4A3CD28434E44B6B9DE2E /* [CP] Check Pods Manifest.lock */,
				FA5E09015C40C1165292864E /* [Expo] Configure project */,
				13B07F871A680F5B00A75B9A /* Sources */,
				13B07F8C1A680F5B00A75B9A /* Frameworks */,
				13B07F8E1A680F5B00A75B9A /* Resources */,
				00DD1BFF1BD5951E006B06BC /* Bundle React Native code and images */,
				800E24972A6A228C8D4807E9 /* [CP] Copy Pods Resources */,
				BB922EE2CAFA46E9BEBA9A9E /* Upload Debug Symbols to Sentry */,
				3CB6A95F2529A296A2E9BA61 /* [CP] Embed Pods Frameworks */,
			);
			buildRules = (
			);
			dependencies = (
			);
			name = onzait;
			productName = onzait;
			productReference = 13B07F961A680F5B00A75B9A /* onzait.app */;
			productType = "com.apple.product-type.application";
		};
/* End PBXNativeTarget section */

/* Begin PBXProject section */
		83CBB9F71A601CBA00E9B192 /* Project object */ = {
			isa = PBXProject;
			attributes = {
				LastUpgradeCheck = 1130;
				TargetAttributes = {
					13B07F861A680F5B00A75B9A = {
						LastSwiftMigration = 1250;
					};
				};
			};
			buildConfigurationList = 83CBB9FA1A601CBA00E9B192 /* Build configuration list for PBXProject "onzait" */;
			compatibilityVersion = "Xcode 3.2";
			developmentRegion = en;
			hasScannedForEncodings = 0;
			knownRegions = (
				en,
				Base,
			);
			mainGroup = 83CBB9F61A601CBA00E9B192;
			productRefGroup = 83CBBA001A601CBA00E9B192 /* Products */;
			projectDirPath = "";
			projectRoot = "";
			targets = (
				13B07F861A680F5B00A75B9A /* onzait */,
			);
		};
/* End PBXProject section */

/* Begin PBXResourcesBuildPhase section */
		13B07F8E1A680F5B00A75B9A /* Resources */ = {
			isa = PBXResourcesBuildPhase;
			buildActionMask = 2147483647;
			files = (
				BB2F792D24A3F905000567C9 /* Expo.plist in Resources */,
				13B07FBF1A68108700A75B9A /* Images.xcassets in Resources */,
				3E461D99554A48A4959DE609 /* SplashScreen.storyboard in Resources */,
				0A1679699AAE4534A2016295 /* Geist-Black.ttf in Resources */,
				EAD2DB9652CC4F3C8D1E8364 /* Geist-Bold.ttf in Resources */,
				29D308C6F46E493FAF854312 /* Geist-ExtraBold.ttf in Resources */,
				060FF885889F4FB593623938 /* Geist-ExtraLight.ttf in Resources */,
				87F06E7ACF1F4966BF72BEEB /* Geist-Light.ttf in Resources */,
				FECAD75C350C417C85426C99 /* Geist-Medium.ttf in Resources */,
				D6F6F6FEA61C47608E0A79BA /* Geist-Regular.ttf in Resources */,
				DA248618AAF34BDD91B49001 /* Geist-SemiBold.ttf in Resources */,
				FA1D7566893B4335ADF59688 /* Geist-Thin.ttf in Resources */,
				3BF79CF93E0D4E7FBCFA19E6 /* JetBrainsMono-Bold.ttf in Resources */,
				C0B58988A3A04B73A8FDEA5F /* JetBrainsMono-BoldItalic.ttf in Resources */,
				4F6CABA5A96B4FA9BA17F1AB /* JetBrainsMono-ExtraBold.ttf in Resources */,
				5EE6DC10AF0242489DFCF559 /* JetBrainsMono-ExtraBoldItalic.ttf in Resources */,
				68BB85ACE08544E6AFA62CCE /* JetBrainsMono-ExtraLight.ttf in Resources */,
				BED415A4EF9B442F81891EF0 /* JetBrainsMono-ExtraLightItalic.ttf in Resources */,
				D0CFCA57B6C943AE8FFC7201 /* JetBrainsMono-Italic.ttf in Resources */,
				DB577FD4705E444E8ACB9761 /* JetBrainsMono-Light.ttf in Resources */,
				356D32C43B1845BD9AB53899 /* JetBrainsMono-LightItalic.ttf in Resources */,
				054F55F5F7C14982B53099E1 /* JetBrainsMono-Medium.ttf in Resources */,
				9B71E81C4EDC4D1DB13BDB69 /* JetBrainsMono-MediumItalic.ttf in Resources */,
				1D900D4868A04036A6BE4A2E /* JetBrainsMono-Regular.ttf in Resources */,
				C8FCB280EF7240C1BFC0CD35 /* JetBrainsMono-SemiBold.ttf in Resources */,
				7B408EA71B8D47F88584627B /* JetBrainsMono-SemiBoldItalic.ttf in Resources */,
				EBDB14C209C94440B6AA09DD /* JetBrainsMono-Thin.ttf in Resources */,
				83694975DBEB40F3883073DF /* JetBrainsMono-ThinItalic.ttf in Resources */,
				41DBA32C23F8BD9224DFD442 /* PrivacyInfo.xcprivacy in Resources */,
			);
			runOnlyForDeploymentPostprocessing = 0;
		};
/* End PBXResourcesBuildPhase section */

/* Begin PBXShellScriptBuildPhase section */
		00DD1BFF1BD5951E006B06BC /* Bundle React Native code and images */ = {
			isa = PBXShellScriptBuildPhase;
			alwaysOutOfDate = 1;
			buildActionMask = 2147483647;
			files = (
			);
			inputPaths = (
				"$(SRCROOT)/.xcode.env",
				"$(SRCROOT)/.xcode.env.local",
			);
			name = "Bundle React Native code and images";
			outputPaths = (
			);
			runOnlyForDeploymentPostprocessing = 0;
			shellPath = /bin/sh;
			shellScript = "if [[ -f \"$PODS_ROOT/../.xcode.env\" ]]; then\n  source \"$PODS_ROOT/../.xcode.env\"\nfi\nif [[ -f \"$PODS_ROOT/../.xcode.env.local\" ]]; then\n  source \"$PODS_ROOT/../.xcode.env.local\"\nfi\n\n# The project root by default is one level up from the ios directory\nexport PROJECT_ROOT=\"$PROJECT_DIR\"/..\n\nif [[ \"$CONFIGURATION\" = *Debug* ]]; then\n  export SKIP_BUNDLING=1\nfi\nif [[ -z \"$ENTRY_FILE\" ]]; then\n  # Set the entry JS file using the bundler's entry resolution.\n  export ENTRY_FILE=\"$(\"$NODE_BINARY\" -e \"require('expo/scripts/resolveAppEntry')\" \"$PROJECT_ROOT\" ios absolute | tail -n 1)\"\nfi\n\nif [[ -z \"$CLI_PATH\" ]]; then\n  # Use Expo CLI\n  export CLI_PATH=\"$(\"$NODE_BINARY\" --print \"require.resolve('@expo/cli', { paths: [require.resolve('expo/package.json')] })\")\"\nfi\nif [[ -z \"$BUNDLE_COMMAND\" ]]; then\n  # Default Expo CLI command for bundling\n  export BUNDLE_COMMAND=\"export:embed\"\nfi\n\n# Source .xcode.env.updates if it exists to allow\n# SKIP_BUNDLING to be unset if needed\nif [[ -f \"$PODS_ROOT/../.xcode.env.updates\" ]]; then\n  source \"$PODS_ROOT/../.xcode.env.updates\"\nfi\n# Source local changes to allow overrides\n# if needed\nif [[ -f \"$PODS_ROOT/../.xcode.env.local\" ]]; then\n  source \"$PODS_ROOT/../.xcode.env.local\"\nfi\n\n/bin/sh `\"$NODE_BINARY\" --print \"require('path').dirname(require.resolve('@sentry/react-native/package.json')) + '/scripts/sentry-xcode.sh'\"` `\"$NODE_BINARY\" --print \"require('path').dirname(require.resolve('react-native/package.json')) + '/scripts/react-native-xcode.sh'\"`\n\n";
		};
		08A4A3CD28434E44B6B9DE2E /* [CP] Check Pods Manifest.lock */ = {
			isa = PBXShellScriptBuildPhase;
			buildActionMask = 2147483647;
			files = (
			);
			inputFileListPaths = (
			);
			inputPaths = (
				"${PODS_PODFILE_DIR_PATH}/Podfile.lock",
				"${PODS_ROOT}/Manifest.lock",
			);
			name = "[CP] Check Pods Manifest.lock";
			outputFileListPaths = (
			);
			outputPaths = (
				"$(DERIVED_FILE_DIR)/Pods-onzait-checkManifestLockResult.txt",
			);
			runOnlyForDeploymentPostprocessing = 0;
			shellPath = /bin/sh;
			shellScript = "diff \"${PODS_PODFILE_DIR_PATH}/Podfile.lock\" \"${PODS_ROOT}/Manifest.lock\" > /dev/null\nif [ $? != 0 ] ; then\n    # print error to STDERR\n    echo \"error: The sandbox is not in sync with the Podfile.lock. Run 'pod install' or update your CocoaPods installation.\" >&2\n    exit 1\nfi\n# This output is used by Xcode 'outputs' to avoid re-running this script phase.\necho \"SUCCESS\" > \"${SCRIPT_OUTPUT_FILE_0}\"\n";
			showEnvVarsInLog = 0;
		};
		3CB6A95F2529A296A2E9BA61 /* [CP] Embed Pods Frameworks */ = {
			isa = PBXShellScriptBuildPhase;
			buildActionMask = 2147483647;
			files = (
			);
			inputPaths = (
				"${PODS_ROOT}/Target Support Files/Pods-onzait/Pods-onzait-frameworks.sh",
				"${PODS_XCFRAMEWORKS_BUILD_DIR}/React-Core-prebuilt/React.framework/React",
				"${PODS_XCFRAMEWORKS_BUILD_DIR}/ReactNativeDependencies/ReactNativeDependencies.framework/ReactNativeDependencies",
				"${PODS_XCFRAMEWORKS_BUILD_DIR}/hermes-engine/Pre-built/hermes.framework/hermes",
			);
			name = "[CP] Embed Pods Frameworks";
			outputPaths = (
				"${TARGET_BUILD_DIR}/${FRAMEWORKS_FOLDER_PATH}/React.framework",
				"${TARGET_BUILD_DIR}/${FRAMEWORKS_FOLDER_PATH}/ReactNativeDependencies.framework",
				"${TARGET_BUILD_DIR}/${FRAMEWORKS_FOLDER_PATH}/hermes.framework",
			);
			runOnlyForDeploymentPostprocessing = 0;
			shellPath = /bin/sh;
			shellScript = "\"${PODS_ROOT}/Target Support Files/Pods-onzait/Pods-onzait-frameworks.sh\"\n";
			showEnvVarsInLog = 0;
		};
		800E24972A6A228C8D4807E9 /* [CP] Copy Pods Resources */ = {
			isa = PBXShellScriptBuildPhase;
			buildActionMask = 2147483647;
			files = (
			);
			inputPaths = (
				"${PODS_ROOT}/Target Support Files/Pods-onzait/Pods-onzait-resources.sh",
				"${PODS_CONFIGURATION_BUILD_DIR}/EXConstants/EXConstants.bundle",
				"${PODS_CONFIGURATION_BUILD_DIR}/EXConstants/ExpoConstants_privacy.bundle",
				"${PODS_CONFIGURATION_BUILD_DIR}/ExpoFileSystem/ExpoFileSystem_privacy.bundle",
				"${PODS_CONFIGURATION_BUILD_DIR}/ExpoSystemUI/ExpoSystemUI_privacy.bundle",
				"${PODS_CONFIGURATION_BUILD_DIR}/RNCAsyncStorage/RNCAsyncStorage_resources.bundle",
				"${PODS_CONFIGURATION_BUILD_DIR}/RNSVG/RNSVGFilters.bundle",
				"${PODS_CONFIGURATION_BUILD_DIR}/React-Core/React-Core_privacy.bundle",
				"${PODS_CONFIGURATION_BUILD_DIR}/React-cxxreact/React-cxxreact_privacy.bundle",
				"${PODS_CONFIGURATION_BUILD_DIR}/SDWebImage/SDWebImage.bundle",
				"${PODS_CONFIGURATION_BUILD_DIR}/Sentry/Sentry.bundle",
			);
			name = "[CP] Copy Pods Resources";
			outputPaths = (
				"${TARGET_BUILD_DIR}/${UNLOCALIZED_RESOURCES_FOLDER_PATH}/EXConstants.bundle",
				"${TARGET_BUILD_DIR}/${UNLOCALIZED_RESOURCES_FOLDER_PATH}/ExpoConstants_privacy.bundle",
				"${TARGET_BUILD_DIR}/${UNLOCALIZED_RESOURCES_FOLDER_PATH}/ExpoFileSystem_privacy.bundle",
				"${TARGET_BUILD_DIR}/${UNLOCALIZED_RESOURCES_FOLDER_PATH}/ExpoSystemUI_privacy.bundle",
				"${TARGET_BUILD_DIR}/${UNLOCALIZED_RESOURCES_FOLDER_PATH}/RNCAsyncStorage_resources.bundle",
				"${TARGET_BUILD_DIR}/${UNLOCALIZED_RESOURCES_FOLDER_PATH}/RNSVGFilters.bundle",
				"${TARGET_BUILD_DIR}/${UNLOCALIZED_RESOURCES_FOLDER_PATH}/React-Core_privacy.bundle",
				"${TARGET_BUILD_DIR}/${UNLOCALIZED_RESOURCES_FOLDER_PATH}/React-cxxreact_privacy.bundle",
				"${TARGET_BUILD_DIR}/${UNLOCALIZED_RESOURCES_FOLDER_PATH}/SDWebImage.bundle",
				"${TARGET_BUILD_DIR}/${UNLOCALIZED_RESOURCES_FOLDER_PATH}/Sentry.bundle",
			);
			runOnlyForDeploymentPostprocessing = 0;
			shellPath = /bin/sh;
			shellScript = "\"${PODS_ROOT}/Target Support Files/Pods-onzait/Pods-onzait-resources.sh\"\n";
			showEnvVarsInLog = 0;
		};
		BB922EE2CAFA46E9BEBA9A9E /* Upload Debug Symbols to Sentry */ = {
			isa = PBXShellScriptBuildPhase;
			buildActionMask = 2147483647;
			files = (
			);
			inputPaths = (
			);
			name = "Upload Debug Symbols to Sentry";
			outputPaths = (
			);
			runOnlyForDeploymentPostprocessing = 0;
			shellPath = /bin/sh;
			shellScript = "/bin/sh `${NODE_BINARY:-node} --print \"require('path').dirname(require.resolve('@sentry/react-native/package.json')) + '/scripts/sentry-xcode-debug-files.sh'\"`";
		};
		FA5E09015C40C1165292864E /* [Expo] Configure project */ = {
			isa = PBXShellScriptBuildPhase;
			alwaysOutOfDate = 1;
			buildActionMask = 2147483647;
			files = (
			);
			inputFileListPaths = (
			);
			inputPaths = (
				"$(SRCROOT)/.xcode.env",
				"$(SRCROOT)/.xcode.env.local",
				"$(SRCROOT)/onzait/onzait.entitlements",
				"$(SRCROOT)/Pods/Target Support Files/Pods-onzait/expo-configure-project.sh",
			);
			name = "[Expo] Configure project";
			outputFileListPaths = (
			);
			outputPaths = (
				"$(SRCROOT)/Pods/Target Support Files/Pods-onzait/ExpoModulesProvider.swift",
			);
			runOnlyForDeploymentPostprocessing = 0;
			shellPath = /bin/sh;
			shellScript = "# This script configures Expo modules and generates the modules provider file.\nbash -l -c \"./Pods/Target\\ Support\\ Files/Pods-onzait/expo-configure-project.sh\"\n";
		};
/* End PBXShellScriptBuildPhase section */

/* Begin PBXSourcesBuildPhase section */
		13B07F871A680F5B00A75B9A /* Sources */ = {
			isa = PBXSourcesBuildPhase;
			buildActionMask = 2147483647;
			files = (
				F11748422D0307B40044C1D9 /* AppDelegate.swift in Sources */,
				ECE8B01E4D4CA745C6B9A8AC /* ExpoModulesProvider.swift in Sources */,
			);
			runOnlyForDeploymentPostprocessing = 0;
		};
/* End PBXSourcesBuildPhase section */

/* Begin XCBuildConfiguration section */
		13B07F941A680F5B00A75B9A /* Debug */ = {
			isa = XCBuildConfiguration;
			baseConfigurationReference = DA033B682859C2F8BE844F57 /* Pods-onzait.debug.xcconfig */;
			buildSettings = {
				ASSETCATALOG_COMPILER_APPICON_NAME = AppIcon;
				CLANG_ENABLE_MODULES = YES;
				CODE_SIGN_ENTITLEMENTS = onzait/onzait.entitlements;
				CURRENT_PROJECT_VERSION = 1;
				ENABLE_BITCODE = NO;
				GCC_PREPROCESSOR_DEFINITIONS = (
					"$(inherited)",
					"FB_SONARKIT_ENABLED=1",
				);
				INFOPLIST_FILE = onzait/Info.plist;
				IPHONEOS_DEPLOYMENT_TARGET = 15.1;
				LD_RUNPATH_SEARCH_PATHS = (
					"$(inherited)",
					"@executable_path/Frameworks",
				);
				MARKETING_VERSION = 1.0;
				OTHER_LDFLAGS = (
					"$(inherited)",
					"-ObjC",
					"-lc++",
				);
				OTHER_SWIFT_FLAGS = "$(inherited) -D EXPO_CONFIGURATION_DEBUG";
				PRODUCT_BUNDLE_IDENTIFIER = com.florenciasoldavini.onzait;
				PRODUCT_NAME = onzait;
				SWIFT_OBJC_BRIDGING_HEADER = "onzait/onzait-Bridging-Header.h";
				SWIFT_OPTIMIZATION_LEVEL = "-Onone";
				SWIFT_VERSION = 5.0;
				TARGETED_DEVICE_FAMILY = "1,2";
				VERSIONING_SYSTEM = "apple-generic";
			};
			name = Debug;
		};
		13B07F951A680F5B00A75B9A /* Release */ = {
			isa = XCBuildConfiguration;
			baseConfigurationReference = 359948086984ABD3D35D5DAA /* Pods-onzait.release.xcconfig */;
			buildSettings = {
				ASSETCATALOG_COMPILER_APPICON_NAME = AppIcon;
				CLANG_ENABLE_MODULES = YES;
				CODE_SIGN_ENTITLEMENTS = onzait/onzait.entitlements;
				CURRENT_PROJECT_VERSION = 1;
				INFOPLIST_FILE = onzait/Info.plist;
				IPHONEOS_DEPLOYMENT_TARGET = 15.1;
				LD_RUNPATH_SEARCH_PATHS = (
					"$(inherited)",
					"@executable_path/Frameworks",
				);
				MARKETING_VERSION = 1.0;
				OTHER_LDFLAGS = (
					"$(inherited)",
					"-ObjC",
					"-lc++",
				);
				OTHER_SWIFT_FLAGS = "$(inherited) -D EXPO_CONFIGURATION_RELEASE";
				PRODUCT_BUNDLE_IDENTIFIER = com.florenciasoldavini.onzait;
				PRODUCT_NAME = onzait;
				SWIFT_OBJC_BRIDGING_HEADER = "onzait/onzait-Bridging-Header.h";
				SWIFT_VERSION = 5.0;
				TARGETED_DEVICE_FAMILY = "1,2";
				VERSIONING_SYSTEM = "apple-generic";
			};
			name = Release;
		};
		83CBBA201A601CBA00E9B192 /* Debug */ = {
			isa = XCBuildConfiguration;
			buildSettings = {
				ALWAYS_SEARCH_USER_PATHS = NO;
				CLANG_ANALYZER_LOCALIZABILITY_NONLOCALIZED = YES;
				CLANG_CXX_LANGUAGE_STANDARD = "c++20";
				CLANG_CXX_LIBRARY = "libc++";
				CLANG_ENABLE_MODULES = YES;
				CLANG_ENABLE_OBJC_ARC = YES;
				CLANG_WARN_BLOCK_CAPTURE_AUTORELEASING = YES;
				CLANG_WARN_BOOL_CONVERSION = YES;
				CLANG_WARN_COMMA = YES;
				CLANG_WARN_CONSTANT_CONVERSION = YES;
				CLANG_WARN_DEPRECATED_OBJC_IMPLEMENTATIONS = YES;
				CLANG_WARN_DIRECT_OBJC_ISA_USAGE = YES_ERROR;
				CLANG_WARN_EMPTY_BODY = YES;
				CLANG_WARN_ENUM_CONVERSION = YES;
				CLANG_WARN_INFINITE_RECURSION = YES;
				CLANG_WARN_INT_CONVERSION = YES;
				CLANG_WARN_NON_LITERAL_NULL_CONVERSION = YES;
				CLANG_WARN_OBJC_IMPLICIT_RETAIN_SELF = YES;
				CLANG_WARN_OBJC_LITERAL_CONVERSION = YES;
				CLANG_WARN_OBJC_ROOT_CLASS = YES_ERROR;
				CLANG_WARN_RANGE_LOOP_ANALYSIS = YES;
				CLANG_WARN_STRICT_PROTOTYPES = YES;
				CLANG_WARN_SUSPICIOUS_MOVE = YES;
				CLANG_WARN_UNREACHABLE_CODE = YES;
				CLANG_WARN__DUPLICATE_METHOD_MATCH = YES;
				"CODE_SIGN_IDENTITY[sdk=iphoneos*]" = "iPhone Developer";
				COPY_PHASE_STRIP = NO;
				ENABLE_STRICT_OBJC_MSGSEND = YES;
				ENABLE_TESTABILITY = YES;
				GCC_C_LANGUAGE_STANDARD = gnu99;
				GCC_DYNAMIC_NO_PIC = NO;
				GCC_NO_COMMON_BLOCKS = YES;
				GCC_OPTIMIZATION_LEVEL = 0;
				GCC_PREPROCESSOR_DEFINITIONS = (
					"DEBUG=1",
					"$(inherited)",
				);
				GCC_SYMBOLS_PRIVATE_EXTERN = NO;
				GCC_WARN_64_TO_32_BIT_CONVERSION = YES;
				GCC_WARN_ABOUT_RETURN_TYPE = YES_ERROR;
				GCC_WARN_UNDECLARED_SELECTOR = YES;
				GCC_WARN_UNINITIALIZED_AUTOS = YES_AGGRESSIVE;
				GCC_WARN_UNUSED_FUNCTION = YES;
				GCC_WARN_UNUSED_VARIABLE = YES;
				IPHONEOS_DEPLOYMENT_TARGET = 15.1;
				LD_RUNPATH_SEARCH_PATHS = (
					/usr/lib/swift,
					"$(inherited)",
				);
				LIBRARY_SEARCH_PATHS = "$(SDKROOT)/usr/lib/swift\"$(inherited)\"";
				MTL_ENABLE_DEBUG_INFO = YES;
				ONLY_ACTIVE_ARCH = YES;
				REACT_NATIVE_PATH = "${PODS_ROOT}/../../node_modules/react-native";
				SDKROOT = iphoneos;
				SWIFT_ACTIVE_COMPILATION_CONDITIONS = "$(inherited) DEBUG";
				SWIFT_ENABLE_EXPLICIT_MODULES = NO;
				USE_HERMES = true;
			};
			name = Debug;
		};
		83CBBA211A601CBA00E9B192 /* Release */ = {
			isa = XCBuildConfiguration;
			buildSettings = {
				ALWAYS_SEARCH_USER_PATHS = NO;
				CLANG_ANALYZER_LOCALIZABILITY_NONLOCALIZED = YES;
				CLANG_CXX_LANGUAGE_STANDARD = "c++20";
				CLANG_CXX_LIBRARY = "libc++";
				CLANG_ENABLE_MODULES = YES;
				CLANG_ENABLE_OBJC_ARC = YES;
				CLANG_WARN_BLOCK_CAPTURE_AUTORELEASING = YES;
				CLANG_WARN_BOOL_CONVERSION = YES;
				CLANG_WARN_COMMA = YES;
				CLANG_WARN_CONSTANT_CONVERSION = YES;
				CLANG_WARN_DEPRECATED_OBJC_IMPLEMENTATIONS = YES;
				CLANG_WARN_DIRECT_OBJC_ISA_USAGE = YES_ERROR;
				CLANG_WARN_EMPTY_BODY = YES;
				CLANG_WARN_ENUM_CONVERSION = YES;
				CLANG_WARN_INFINITE_RECURSION = YES;
				CLANG_WARN_INT_CONVERSION = YES;
				CLANG_WARN_NON_LITERAL_NULL_CONVERSION = YES;
				CLANG_WARN_OBJC_IMPLICIT_RETAIN_SELF = YES;
				CLANG_WARN_OBJC_LITERAL_CONVERSION = YES;
				CLANG_WARN_OBJC_ROOT_CLASS = YES_ERROR;
				CLANG_WARN_RANGE_LOOP_ANALYSIS = YES;
				CLANG_WARN_STRICT_PROTOTYPES = YES;
				CLANG_WARN_SUSPICIOUS_MOVE = YES;
				CLANG_WARN_UNREACHABLE_CODE = YES;
				CLANG_WARN__DUPLICATE_METHOD_MATCH = YES;
				"CODE_SIGN_IDENTITY[sdk=iphoneos*]" = "iPhone Developer";
				COPY_PHASE_STRIP = YES;
				ENABLE_NS_ASSERTIONS = NO;
				ENABLE_STRICT_OBJC_MSGSEND = YES;
				GCC_C_LANGUAGE_STANDARD = gnu99;
				GCC_NO_COMMON_BLOCKS = YES;
				GCC_WARN_64_TO_32_BIT_CONVERSION = YES;
				GCC_WARN_ABOUT_RETURN_TYPE = YES_ERROR;
				GCC_WARN_UNDECLARED_SELECTOR = YES;
				GCC_WARN_UNINITIALIZED_AUTOS = YES_AGGRESSIVE;
				GCC_WARN_UNUSED_FUNCTION = YES;
				GCC_WARN_UNUSED_VARIABLE = YES;
				IPHONEOS_DEPLOYMENT_TARGET = 15.1;
				LD_RUNPATH_SEARCH_PATHS = (
					/usr/lib/swift,
					"$(inherited)",
				);
				LIBRARY_SEARCH_PATHS = "$(SDKROOT)/usr/lib/swift\"$(inherited)\"";
				MTL_ENABLE_DEBUG_INFO = NO;
				REACT_NATIVE_PATH = "${PODS_ROOT}/../../node_modules/react-native";
				SDKROOT = iphoneos;
				SWIFT_ENABLE_EXPLICIT_MODULES = NO;
				USE_HERMES = true;
				VALIDATE_PRODUCT = YES;
			};
			name = Release;
		};
/* End XCBuildConfiguration section */

/* Begin XCConfigurationList section */
		13B07F931A680F5B00A75B9A /* Build configuration list for PBXNativeTarget "onzait" */ = {
			isa = XCConfigurationList;
			buildConfigurations = (
				13B07F941A680F5B00A75B9A /* Debug */,
				13B07F951A680F5B00A75B9A /* Release */,
			);
			defaultConfigurationIsVisible = 0;
			defaultConfigurationName = Release;
		};
		83CBB9FA1A601CBA00E9B192 /* Build configuration list for PBXProject "onzait" */ = {
			isa = XCConfigurationList;
			buildConfigurations = (
				83CBBA201A601CBA00E9B192 /* Debug */,
				83CBBA211A601CBA00E9B192 /* Release */,
			);
			defaultConfigurationIsVisible = 0;
			defaultConfigurationName = Release;
		};
/* End XCConfigurationList section */
	};
	rootObject = 83CBB9F71A601CBA00E9B192 /* Project object */;
}
